
Microsoft Visual Studio Solution File, Format Version 12.00
# Visual Studio Version 17
VisualStudioVersion = 17.8.34330.188
MinimumVisualStudioVersion = 10.0.40219.1
Project("{8BC9CEB8-8B4A-11D0-8D11-00A0C91BC942}") = "Shell Game", "C++ Practice\C++ Practice.vcxproj", "{82363D62-31D3-41A6-87CD-7E81C49E9F75}"
EndProject
Project("{8BC9CEB8-8B4A-11D0-8D11-00A0C91BC942}") = "The lost cow", "The lost cow\The lost cow.vcxproj", "{DD2B97F2-5F91-42A4-8016-8A4985F4CF55}"
EndProject
Project("{8BC9CEB8-8B4A-11D0-8D11-00A0C91BC942}") = "Pasture", "Pasture\Pasture.vcxproj", "{14047409-3F70-4B17-8E1F-9AFFC0BBE62A}"
EndProject
Project("{8BC9CEB8-8B4A-11D0-8D11-00A0C91BC942}") = "Something", "Something\Something.vcxproj", "{0CF3D0DC-22F0-46FD-8CCB-68416E9A4344}"
EndProject
Project("{8BC9CEB8-8B4A-11D0-8D11-00A0C91BC942}") = "Lifeguards", "Lifeguards\Lifeguards.vcxproj", "{050C0872-B35B-4B88-BDB7-6B03115CD93A}"
EndProject
Project("{8BC9CEB8-8B4A-11D0-8D11-00A0C91BC942}") = "ConsoleApplication1", "ConsoleApplication1\ConsoleApplication1.vcxproj", "{B162E058-7138-40A0-84E7-6C21DAC8BE31}"
EndProject
Project("{8BC9CEB8-8B4A-11D0-8D11-00A0C91BC942}") = "Apple", "Apple\Apple.vcxproj", "{437EB754-642A-41DE-9AC8-5450ADDE393B}"
EndProject
Project("{8BC9CEB8-8B4A-11D0-8D11-00A0C91BC942}") = "Diamond COllector", "Diamond COllector\Diamond COllector.vcxproj", "{F5046F3E-5617-40D1-BE41-A7386D8103DB}"
EndProject
Project("{8BC9CEB8-8B4A-11D0-8D11-00A0C91BC942}") = "Sleepycowsorting", "Sleepycowsorting\Sleepycowsorting.vcxproj", "{D49BB759-ED7A-4673-904C-98DB6F030799}"
EndProject
Project("{8BC9CEB8-8B4A-11D0-8D11-00A0C91BC942}") = "TamingTheHerd", "TamingTheHerd\TamingTheHerd.vcxproj", "{82510A8E-5907-4D68-B72F-662D7350B106}"
EndProject
Project("{8BC9CEB8-8B4A-11D0-8D11-00A0C91BC942}") = "Counting Liars", "Counting Liars\Counting Liars.vcxproj", "{711835BF-838B-4167-81E9-BC0F1E17F785}"
EndProject
Project("{8BC9CEB8-8B4A-11D0-8D11-00A0C91BC942}") = "RoundaboutRounding", "RoundaboutRounding\RoundaboutRounding.vcxproj", "{D32C6B0B-072A-435B-AD45-C4EB5B607A99}"
EndProject
Project("{8BC9CEB8-8B4A-11D0-8D11-00A0C91BC942}") = "RoundaboutRounding2", "Testing\Testing.vcxproj", "{E47811B3-4069-4274-BD47-67CBACBC2C4E}"
EndProject
Project("{8BC9CEB8-8B4A-11D0-8D11-00A0C91BC942}") = "RoundaboutRoundingEfficient", "RoundaboutRoundingEfficient\RoundaboutRoundingEfficient.vcxproj", "{A7A64D2C-9FBA-49DE-86FE-842B6EFAC7BB}"
EndProject
Project("{8BC9CEB8-8B4A-11D0-8D11-00A0C91BC942}") = "BovineShuffle", "BovineShuffle\BovineShuffle.vcxproj", "{32046348-680E-4ECE-8B96-708F6311DAFF}"
EndProject
Project("{8BC9CEB8-8B4A-11D0-8D11-00A0C91BC942}") = "BucketList", "BucketList\BucketList.vcxproj", "{32E534F2-983B-47CF-8677-5595B8015210}"
EndProject
Project("{8BC9CEB8-8B4A-11D0-8D11-00A0C91BC942}") = "Number COuntie thing fsaioubeiwraq", "Number COuntie thing fsaioubeiwraq\Number COuntie thing fsaioubeiwraq.vcxproj", "{792B47E4-6BB4-4648-B455-AC4E0DC8ED2C}"
EndProject
Project("{8BC9CEB8-8B4A-11D0-8D11-00A0C91BC942}") = "COWROAD", "COWROAD\COWROAD.vcxproj", "{F2473908-C040-48E1-AE2C-28091FBB055E}"
EndProject
Project("{8BC9CEB8-8B4A-11D0-8D11-00A0C91BC942}") = "Circle Onion", "Circle Onion\Circle Onion.vcxproj", "{040FE7B3-E8A4-4CF7-9E02-140F35FDB418}"
EndProject
Project("{8BC9CEB8-8B4A-11D0-8D11-00A0C91BC942}") = "Base", "Base\Base.vcxproj", "{7CF64ED4-36B5-4FC5-B1E6-6AB2E3E1B901}"
EndProject
Project("{8BC9CEB8-8B4A-11D0-8D11-00A0C91BC942}") = "LatticePoints", "LatticePoints\LatticePoints.vcxproj", "{7A6A4D83-5D59-4C57-82BA-32FFB330F6AA}"
EndProject
Project("{8BC9CEB8-8B4A-11D0-8D11-00A0C91BC942}") = "Dividing thing", "Dividing thing\Dividing thing.vcxproj", "{86F5EF32-42EE-4A23-850C-B389A3D262BC}"
EndProject
Project("{8BC9CEB8-8B4A-11D0-8D11-00A0C91BC942}") = "ConsoleApplication2", "ConsoleApplication2\ConsoleApplication2.vcxproj", "{D3A75323-2F8E-4DA1-80F8-C6C5706CBFE6}"
EndProject
Project("{8BC9CEB8-8B4A-11D0-8D11-00A0C91BC942}") = "Cowdance", "Cowdance\Cowdance.vcxproj", "{A35FFA9F-6026-4831-BFF0-3561F4897718}"
EndProject
Project("{8BC9CEB8-8B4A-11D0-8D11-00A0C91BC942}") = "Fib", "Fib\Fib.vcxproj", "{8D8500B3-C2B9-475C-8C89-A70E305A762B}"
EndProject
Project("{8BC9CEB8-8B4A-11D0-8D11-00A0C91BC942}") = "Lights On boi boi boi boi", "Lights On boi boi boi boi\Lights On boi boi boi boi.vcxproj", "{28041F59-DFED-4A55-AB26-C4B199A5BC41}"
EndProject
Project("{8BC9CEB8-8B4A-11D0-8D11-00A0C91BC942}") = "BillboardII", "BillboardII\BillboardII.vcxproj", "{9FA93CEE-1886-4644-97D2-15D185951330}"
EndProject
Project("{8BC9CEB8-8B4A-11D0-8D11-00A0C91BC942}") = "Lego", "Lego\Lego.vcxproj", "{E94ECB1F-3FDC-400B-8C05-BBECE0495031}"
EndProject
Project("{8BC9CEB8-8B4A-11D0-8D11-00A0C91BC942}") = "Comfort", "Comfort\Comfort.vcxproj", "{9CE7DA29-3CB4-437F-9E2D-32632F32FF6B}"
EndProject
Project("{8BC9CEB8-8B4A-11D0-8D11-00A0C91BC942}") = "Very inefficient sum number thing", "Very inefficient sum number thing\Very inefficient sum number thing.vcxproj", "{9B2ECB09-E007-4B1C-85B7-2157A309693A}"
EndProject
Project("{8BC9CEB8-8B4A-11D0-8D11-00A0C91BC942}") = "Number thing", "Number thing\Number thing.vcxproj", "{D31FEA27-2867-441C-8065-2B4A93294CB8}"
EndProject
Project("{8BC9CEB8-8B4A-11D0-8D11-00A0C91BC942}") = "Integer Checker", "Integer Checker\Integer Checker.vcxproj", "{493E71A5-DA43-43CE-8069-40FF7540D6BB}"
EndProject
Project("{8BC9CEB8-8B4A-11D0-8D11-00A0C91BC942}") = "Max Value", "Max Value\Max Value.vcxproj", "{C8D844F0-55E3-4EBE-92EB-20C4552CED46}"
EndProject
Project("{8BC9CEB8-8B4A-11D0-8D11-00A0C91BC942}") = "Whereartthou", "Whereartthou\Whereartthou.vcxproj", "{025CE389-FE32-4326-A781-0846D33F967F}"
EndProject
Project("{8BC9CEB8-8B4A-11D0-8D11-00A0C91BC942}") = "Race", "Race\Race.vcxproj", "{F0208071-569C-4204-84CE-6C9A2B73C317}"
EndProject
Project("{8BC9CEB8-8B4A-11D0-8D11-00A0C91BC942}") = "Marathon", "Marathon\Marathon.vcxproj", "{4B8AF45A-0635-4A69-8CEE-5258F8E12B0B}"
EndProject
Project("{8BC9CEB8-8B4A-11D0-8D11-00A0C91BC942}") = "Kayaking", "Kayaking\Kayaking.vcxproj", "{2F9A6EC2-148F-47B1-858C-4A250568AFE0}"
EndProject
Project("{8BC9CEB8-8B4A-11D0-8D11-00A0C91BC942}") = "FlowerField", "FlowerField\FlowerField.vcxproj", "{A6985668-68B0-4D3A-95EB-43B5AB0FAE60}"
EndProject
Project("{8BC9CEB8-8B4A-11D0-8D11-00A0C91BC942}") = "HaybaleFlavorThing", "HaybaleFlavorThing\HaybaleFlavorThing.vcxproj", "{861B28BB-8066-4FCB-8A3F-DD27207E6AAE}"
EndProject
Project("{8BC9CEB8-8B4A-11D0-8D11-00A0C91BC942}") = "Triangles", "Triangles\Triangles.vcxproj", "{98B8527D-96E2-4C1B-9A0C-36BDB236230D}"
EndProject
Project("{8BC9CEB8-8B4A-11D0-8D11-00A0C91BC942}") = "Fib Primes", "Fib Primes\Fib Primes.vcxproj", "{02C47456-FBEF-4CCD-A0B8-6FAA8C299141}"
EndProject
Project("{8BC9CEB8-8B4A-11D0-8D11-00A0C91BC942}") = "Max Division Round", "Max Division Round\Max Division Round.vcxproj", "{01868DD3-33B0-439C-AF65-3D99BC22B057}"
EndProject
Project("{8BC9CEB8-8B4A-11D0-8D11-00A0C91BC942}") = "Barn thing", "Barn thing\Barn thing.vcxproj", "{E7429166-8633-438E-B960-E0B1DF17595E}"
EndProject
Project("{8BC9CEB8-8B4A-11D0-8D11-00A0C91BC942}") = "AngryCows", "AngryCows\AngryCows.vcxproj", "{93B95C93-CF88-4B04-AA63-D42CB194574C}"
EndProject
Project("{8BC9CEB8-8B4A-11D0-8D11-00A0C91BC942}") = "Bean thing", "Bean thing\Bean thing.vcxproj", "{BCFB9E42-5B45-4773-90BA-B131EA02A12B}"
EndProject
Project("{8BC9CEB8-8B4A-11D0-8D11-00A0C91BC942}") = "Bean thing brute force", "Bean thing brute force\Bean thing brute force.vcxproj", "{CBDCB18F-D025-4628-9579-3A0623BA9D4F}"
EndProject
Project("{8BC9CEB8-8B4A-11D0-8D11-00A0C91BC942}") = "AcowdemiaII example", "AcowdemiaII example\AcowdemiaII example.vcxproj", "{12FE99A4-D748-4C04-9259-F96696364FBD}"
EndProject
Project("{8BC9CEB8-8B4A-11D0-8D11-00A0C91BC942}") = "AcowdemiaII", "AcowdemiaII\AcowdemiaII.vcxproj", "{881CAE83-AA9E-43B0-AF2D-00DBBB6A829D}"
EndProject
Project("{8BC9CEB8-8B4A-11D0-8D11-00A0C91BC942}") = "Max Value thing", "Max Value thing\Max Value thing.vcxproj", "{4071159C-C0BB-42AC-A05D-6AE082BF6E5F}"
EndProject
Project("{8BC9CEB8-8B4A-11D0-8D11-00A0C91BC942}") = "Stuck in a rut", "Stuck in a rut\Stuck in a rut.vcxproj", "{E88D8956-A313-484A-BD9C-CE098FC5C10E}"
EndProject
Project("{8BC9CEB8-8B4A-11D0-8D11-00A0C91BC942}") = "Stuck in a rut clean", "Stuck in a rut clean\Stuck in a rut clean.vcxproj", "{5AFF86D0-22F3-4297-AB1A-F5DDC78ECD37}"
EndProject
Project("{8BC9CEB8-8B4A-11D0-8D11-00A0C91BC942}") = "MeasuringTraffic Clean", "MeasuringTraffic\MeasuringTraffic.vcxproj", "{CDC49924-54F2-4CBA-B015-6BFD0EFDFE3F}"
EndProject
Project("{8BC9CEB8-8B4A-11D0-8D11-00A0C91BC942}") = "Measuring Traffic", "Measuring Traffic\Measuring Traffic.vcxproj", "{9818621B-98C1-41CA-B6AA-399202E0F695}"
EndProject
Project("{8BC9CEB8-8B4A-11D0-8D11-00A0C91BC942}") = "Spiral Matrix", "Spiral Matrix\Spiral Matrix.vcxproj", "{4AA47958-D00C-48BE-AFC4-F273C415CD74}"
EndProject
Project("{8BC9CEB8-8B4A-11D0-8D11-00A0C91BC942}") = "Magic Bus", "Magic Bus\Magic Bus.vcxproj", "{C3EA5232-D521-4626-8EBA-9A49D5AC86CA}"
EndProject
Project("{8BC9CEB8-8B4A-11D0-8D11-00A0C91BC942}") = "Sum thing", "Sum thing\Sum thing.vcxproj", "{D717541E-E9E9-4770-B3B7-23951318D30B}"
EndProject
Project("{8BC9CEB8-8B4A-11D0-8D11-00A0C91BC942}") = "SocialDistancingI", "SocialDistancingII\SocialDistancingII.vcxproj", "{7EE222CE-D586-4AEF-9D19-44F75BC01D0F}"
EndProject
Project("{8BC9CEB8-8B4A-11D0-8D11-00A0C91BC942}") = "circularbarn", "circularbarn\circularbarn.vcxproj", "{2FA775EC-2049-4962-B04A-F35D0DAB50E8}"
EndProject
Project("{8BC9CEB8-8B4A-11D0-8D11-00A0C91BC942}") = "Build Permutation", "Build Permutation\Build Permutation.vcxproj", "{49316ACC-D80E-4A1F-8654-F5B146C7E141}"
EndProject
Project("{8BC9CEB8-8B4A-11D0-8D11-00A0C91BC942}") = "Balloons", "Balloons\Balloons.vcxproj", "{F0B3F6A2-96FE-49F8-BBF7-B3AF4205270D}"
EndProject
Project("{8BC9CEB8-8B4A-11D0-8D11-00A0C91BC942}") = "Max Number of Integers", "Max Number of Integers\Max Number of Integers.vcxproj", "{0AA07ADA-D03B-4C76-A302-C01959B0D2EA}"
EndProject
Project("{8BC9CEB8-8B4A-11D0-8D11-00A0C91BC942}") = "PalindromeGame", "PalindromeGame\PalindromeGame.vcxproj", "{1E062A82-03F0-4F8A-AF30-F1FC88F295A9}"
EndProject
Project("{8BC9CEB8-8B4A-11D0-8D11-00A0C91BC942}") = "BlockGame", "BlockGame\BlockGame.vcxproj", "{CE8ECA73-6065-47F7-A28B-18F9EA785693}"
EndProject
Project("{8BC9CEB8-8B4A-11D0-8D11-00A0C91BC942}") = "CowCrossRoadII", "CowCrossRoadII\CowCrossRoadII.vcxproj", "{983C45A4-32E8-4637-9E8C-30676C4A6AF4}"
EndProject
Project("{8BC9CEB8-8B4A-11D0-8D11-00A0C91BC942}") = "Counting Bits 1", "Counting Bits 1\Counting Bits 1.vcxproj", "{C8DB2163-962F-4644-8322-6DA505A3C483}"
EndProject
Project("{8BC9CEB8-8B4A-11D0-8D11-00A0C91BC942}") = "Integer Replacement", "Integer Replacement\Integer Replacement.vcxproj", "{42042597-43B8-4355-8E07-925DF3F50402}"
EndProject
Project("{8BC9CEB8-8B4A-11D0-8D11-00A0C91BC942}") = "Heat Intensity", "Heat Intensity\Heat Intensity.vcxproj", "{873D793A-28A2-456F-8F39-6407406696DD}"
EndProject
Project("{8BC9CEB8-8B4A-11D0-8D11-00A0C91BC942}") = "HungryCow", "HungryCow\HungryCow.vcxproj", "{50DBB721-857D-4064-917D-F50F8F8DBF4D}"
EndProject
Project("{8BC9CEB8-8B4A-11D0-8D11-00A0C91BC942}") = "BovineGeonomicsSILVER", "BovineGeonomicsSILVER\BovineGeonomicsSILVER.vcxproj", "{42E8690F-3F00-4CEC-8D9F-B5C727967EB0}"
EndProject
Project("{8BC9CEB8-8B4A-11D0-8D11-00A0C91BC942}") = "Cow Gymnastics", "Cow Gymnastics\Cow Gymnastics.vcxproj", "{1B6E3FFE-E8B9-40C3-A5B1-9E3AA3474029}"
EndProject
Project("{8BC9CEB8-8B4A-11D0-8D11-00A0C91BC942}") = "TeamTicTacToe", "TeamTicTacToe\TeamTicTacToe.vcxproj", "{947045F9-C479-4399-B117-EF51111E604D}"
EndProject
Project("{8BC9CEB8-8B4A-11D0-8D11-00A0C91BC942}") = "LoadBalancing", "LoadBalancing\LoadBalancing.vcxproj", "{8B75BAED-1046-4A4E-83C9-2AAB68DCD56A}"
EndProject
Project("{8BC9CEB8-8B4A-11D0-8D11-00A0C91BC942}") = "Candies", "Candies\Candies.vcxproj", "{C8FAAB06-1D14-46D1-B8E7-CDAFDD3D5D47}"
EndProject
Project("{8BC9CEB8-8B4A-11D0-8D11-00A0C91BC942}") = "pillars", "pillars\pillars.vcxproj", "{FC62E24B-E019-4F21-B0A7-EDE45519D1D6}"
EndProject
Project("{8BC9CEB8-8B4A-11D0-8D11-00A0C91BC942}") = "reflection", "reflection\reflection.vcxproj", "{065C01DB-1E0C-46E4-9511-89011438E97A}"
EndProject
Project("{8BC9CEB8-8B4A-11D0-8D11-00A0C91BC942}") = "MowingTheField", "MowingTheField\MowingTheField.vcxproj", "{4C648D4C-346E-44D0-B378-E982DCD829FD}"
EndProject
Project("{8BC9CEB8-8B4A-11D0-8D11-00A0C91BC942}") = "WhereAmI", "WhereAmI\WhereAmI.vcxproj", "{3D15839B-44DD-47F4-A141-89388FBA4E0B}"
EndProject
Project("{8BC9CEB8-8B4A-11D0-8D11-00A0C91BC942}") = "SleepingInClass", "SleepingInClass\SleepingInClass.vcxproj", "{BC7BDF43-ED94-43CA-9012-74B11C0CFFBF}"
EndProject
Project("{8BC9CEB8-8B4A-11D0-8D11-00A0C91BC942}") = "lemmetest", "lemmetest\lemmetest.vcxproj", "{1A668177-C388-4397-9AEB-99EB5A8566C8}"
EndProject
Project("{8BC9CEB8-8B4A-11D0-8D11-00A0C91BC942}") = "Square Pasture", "Square Pasture\Square Pasture.vcxproj", "{E3937696-749A-4937-ADA9-A99FE9257766}"
EndProject
Project("{8BC9CEB8-8B4A-11D0-8D11-00A0C91BC942}") = "YearOfCow", "YearOfCow\YearOfCow.vcxproj", "{E3A26401-CB70-48D8-A012-D42F3D408CF0}"
EndProject
Global
	GlobalSection(SolutionConfigurationPlatforms) = preSolution
		Debug|x64 = Debug|x64
		Debug|x86 = Debug|x86
		Release|x64 = Release|x64
		Release|x86 = Release|x86
	EndGlobalSection
	GlobalSection(ProjectConfigurationPlatforms) = postSolution
		{82363D62-31D3-41A6-87CD-7E81C49E9F75}.Debug|x64.ActiveCfg = Debug|x64
		{82363D62-31D3-41A6-87CD-7E81C49E9F75}.Debug|x64.Build.0 = Debug|x64
		{82363D62-31D3-41A6-87CD-7E81C49E9F75}.Debug|x86.ActiveCfg = Debug|Win32
		{82363D62-31D3-41A6-87CD-7E81C49E9F75}.Debug|x86.Build.0 = Debug|Win32
		{82363D62-31D3-41A6-87CD-7E81C49E9F75}.Release|x64.ActiveCfg = Release|x64
		{82363D62-31D3-41A6-87CD-7E81C49E9F75}.Release|x64.Build.0 = Release|x64
		{82363D62-31D3-41A6-87CD-7E81C49E9F75}.Release|x86.ActiveCfg = Release|Win32
		{82363D62-31D3-41A6-87CD-7E81C49E9F75}.Release|x86.Build.0 = Release|Win32
		{DD2B97F2-5F91-42A4-8016-8A4985F4CF55}.Debug|x64.ActiveCfg = Debug|x64
		{DD2B97F2-5F91-42A4-8016-8A4985F4CF55}.Debug|x64.Build.0 = Debug|x64
		{DD2B97F2-5F91-42A4-8016-8A4985F4CF55}.Debug|x86.ActiveCfg = Debug|Win32
		{DD2B97F2-5F91-42A4-8016-8A4985F4CF55}.Debug|x86.Build.0 = Debug|Win32
		{DD2B97F2-5F91-42A4-8016-8A4985F4CF55}.Release|x64.ActiveCfg = Release|x64
		{DD2B97F2-5F91-42A4-8016-8A4985F4CF55}.Release|x64.Build.0 = Release|x64
		{DD2B97F2-5F91-42A4-8016-8A4985F4CF55}.Release|x86.ActiveCfg = Release|Win32
		{DD2B97F2-5F91-42A4-8016-8A4985F4CF55}.Release|x86.Build.0 = Release|Win32
		{14047409-3F70-4B17-8E1F-9AFFC0BBE62A}.Debug|x64.ActiveCfg = Debug|x64
		{14047409-3F70-4B17-8E1F-9AFFC0BBE62A}.Debug|x64.Build.0 = Debug|x64
		{14047409-3F70-4B17-8E1F-9AFFC0BBE62A}.Debug|x86.ActiveCfg = Debug|Win32
		{14047409-3F70-4B17-8E1F-9AFFC0BBE62A}.Debug|x86.Build.0 = Debug|Win32
		{14047409-3F70-4B17-8E1F-9AFFC0BBE62A}.Release|x64.ActiveCfg = Release|x64
		{14047409-3F70-4B17-8E1F-9AFFC0BBE62A}.Release|x64.Build.0 = Release|x64
		{14047409-3F70-4B17-8E1F-9AFFC0BBE62A}.Release|x86.ActiveCfg = Release|Win32
		{14047409-3F70-4B17-8E1F-9AFFC0BBE62A}.Release|x86.Build.0 = Release|Win32
		{0CF3D0DC-22F0-46FD-8CCB-68416E9A4344}.Debug|x64.ActiveCfg = Debug|x64
		{0CF3D0DC-22F0-46FD-8CCB-68416E9A4344}.Debug|x64.Build.0 = Debug|x64
		{0CF3D0DC-22F0-46FD-8CCB-68416E9A4344}.Debug|x86.ActiveCfg = Debug|Win32
		{0CF3D0DC-22F0-46FD-8CCB-68416E9A4344}.Debug|x86.Build.0 = Debug|Win32
		{0CF3D0DC-22F0-46FD-8CCB-68416E9A4344}.Release|x64.ActiveCfg = Release|x64
		{0CF3D0DC-22F0-46FD-8CCB-68416E9A4344}.Release|x64.Build.0 = Release|x64
		{0CF3D0DC-22F0-46FD-8CCB-68416E9A4344}.Release|x86.ActiveCfg = Release|Win32
		{0CF3D0DC-22F0-46FD-8CCB-68416E9A4344}.Release|x86.Build.0 = Release|Win32
		{050C0872-B35B-4B88-BDB7-6B03115CD93A}.Debug|x64.ActiveCfg = Debug|x64
		{050C0872-B35B-4B88-BDB7-6B03115CD93A}.Debug|x64.Build.0 = Debug|x64
		{050C0872-B35B-4B88-BDB7-6B03115CD93A}.Debug|x86.ActiveCfg = Debug|Win32
		{050C0872-B35B-4B88-BDB7-6B03115CD93A}.Debug|x86.Build.0 = Debug|Win32
		{050C0872-B35B-4B88-BDB7-6B03115CD93A}.Release|x64.ActiveCfg = Release|x64
		{050C0872-B35B-4B88-BDB7-6B03115CD93A}.Release|x64.Build.0 = Release|x64
		{050C0872-B35B-4B88-BDB7-6B03115CD93A}.Release|x86.ActiveCfg = Release|Win32
		{050C0872-B35B-4B88-BDB7-6B03115CD93A}.Release|x86.Build.0 = Release|Win32
		{B162E058-7138-40A0-84E7-6C21DAC8BE31}.Debug|x64.ActiveCfg = Debug|x64
		{B162E058-7138-40A0-84E7-6C21DAC8BE31}.Debug|x64.Build.0 = Debug|x64
		{B162E058-7138-40A0-84E7-6C21DAC8BE31}.Debug|x86.ActiveCfg = Debug|Win32
		{B162E058-7138-40A0-84E7-6C21DAC8BE31}.Debug|x86.Build.0 = Debug|Win32
		{B162E058-7138-40A0-84E7-6C21DAC8BE31}.Release|x64.ActiveCfg = Release|x64
		{B162E058-7138-40A0-84E7-6C21DAC8BE31}.Release|x64.Build.0 = Release|x64
		{B162E058-7138-40A0-84E7-6C21DAC8BE31}.Release|x86.ActiveCfg = Release|Win32
		{B162E058-7138-40A0-84E7-6C21DAC8BE31}.Release|x86.Build.0 = Release|Win32
		{437EB754-642A-41DE-9AC8-5450ADDE393B}.Debug|x64.ActiveCfg = Debug|x64
		{437EB754-642A-41DE-9AC8-5450ADDE393B}.Debug|x64.Build.0 = Debug|x64
		{437EB754-642A-41DE-9AC8-5450ADDE393B}.Debug|x86.ActiveCfg = Debug|Win32
		{437EB754-642A-41DE-9AC8-5450ADDE393B}.Debug|x86.Build.0 = Debug|Win32
		{437EB754-642A-41DE-9AC8-5450ADDE393B}.Release|x64.ActiveCfg = Release|x64
		{437EB754-642A-41DE-9AC8-5450ADDE393B}.Release|x64.Build.0 = Release|x64
		{437EB754-642A-41DE-9AC8-5450ADDE393B}.Release|x86.ActiveCfg = Release|Win32
		{437EB754-642A-41DE-9AC8-5450ADDE393B}.Release|x86.Build.0 = Release|Win32
		{F5046F3E-5617-40D1-BE41-A7386D8103DB}.Debug|x64.ActiveCfg = Debug|x64
		{F5046F3E-5617-40D1-BE41-A7386D8103DB}.Debug|x64.Build.0 = Debug|x64
		{F5046F3E-5617-40D1-BE41-A7386D8103DB}.Debug|x86.ActiveCfg = Debug|Win32
		{F5046F3E-5617-40D1-BE41-A7386D8103DB}.Debug|x86.Build.0 = Debug|Win32
		{F5046F3E-5617-40D1-BE41-A7386D8103DB}.Release|x64.ActiveCfg = Release|x64
		{F5046F3E-5617-40D1-BE41-A7386D8103DB}.Release|x64.Build.0 = Release|x64
		{F5046F3E-5617-40D1-BE41-A7386D8103DB}.Release|x86.ActiveCfg = Release|Win32
		{F5046F3E-5617-40D1-BE41-A7386D8103DB}.Release|x86.Build.0 = Release|Win32
		{D49BB759-ED7A-4673-904C-98DB6F030799}.Debug|x64.ActiveCfg = Debug|x64
		{D49BB759-ED7A-4673-904C-98DB6F030799}.Debug|x64.Build.0 = Debug|x64
		{D49BB759-ED7A-4673-904C-98DB6F030799}.Debug|x86.ActiveCfg = Debug|Win32
		{D49BB759-ED7A-4673-904C-98DB6F030799}.Debug|x86.Build.0 = Debug|Win32
		{D49BB759-ED7A-4673-904C-98DB6F030799}.Release|x64.ActiveCfg = Release|x64
		{D49BB759-ED7A-4673-904C-98DB6F030799}.Release|x64.Build.0 = Release|x64
		{D49BB759-ED7A-4673-904C-98DB6F030799}.Release|x86.ActiveCfg = Release|Win32
		{D49BB759-ED7A-4673-904C-98DB6F030799}.Release|x86.Build.0 = Release|Win32
		{82510A8E-5907-4D68-B72F-662D7350B106}.Debug|x64.ActiveCfg = Debug|x64
		{82510A8E-5907-4D68-B72F-662D7350B106}.Debug|x64.Build.0 = Debug|x64
		{82510A8E-5907-4D68-B72F-662D7350B106}.Debug|x86.ActiveCfg = Debug|Win32
		{82510A8E-5907-4D68-B72F-662D7350B106}.Debug|x86.Build.0 = Debug|Win32
		{82510A8E-5907-4D68-B72F-662D7350B106}.Release|x64.ActiveCfg = Release|x64
		{82510A8E-5907-4D68-B72F-662D7350B106}.Release|x64.Build.0 = Release|x64
		{82510A8E-5907-4D68-B72F-662D7350B106}.Release|x86.ActiveCfg = Release|Win32
		{82510A8E-5907-4D68-B72F-662D7350B106}.Release|x86.Build.0 = Release|Win32
		{711835BF-838B-4167-81E9-BC0F1E17F785}.Debug|x64.ActiveCfg = Debug|x64
		{711835BF-838B-4167-81E9-BC0F1E17F785}.Debug|x64.Build.0 = Debug|x64
		{711835BF-838B-4167-81E9-BC0F1E17F785}.Debug|x86.ActiveCfg = Debug|Win32
		{711835BF-838B-4167-81E9-BC0F1E17F785}.Debug|x86.Build.0 = Debug|Win32
		{711835BF-838B-4167-81E9-BC0F1E17F785}.Release|x64.ActiveCfg = Release|x64
		{711835BF-838B-4167-81E9-BC0F1E17F785}.Release|x64.Build.0 = Release|x64
		{711835BF-838B-4167-81E9-BC0F1E17F785}.Release|x86.ActiveCfg = Release|Win32
		{711835BF-838B-4167-81E9-BC0F1E17F785}.Release|x86.Build.0 = Release|Win32
		{D32C6B0B-072A-435B-AD45-C4EB5B607A99}.Debug|x64.ActiveCfg = Debug|x64
		{D32C6B0B-072A-435B-AD45-C4EB5B607A99}.Debug|x64.Build.0 = Debug|x64
		{D32C6B0B-072A-435B-AD45-C4EB5B607A99}.Debug|x86.ActiveCfg = Debug|Win32
		{D32C6B0B-072A-435B-AD45-C4EB5B607A99}.Debug|x86.Build.0 = Debug|Win32
		{D32C6B0B-072A-435B-AD45-C4EB5B607A99}.Release|x64.ActiveCfg = Release|x64
		{D32C6B0B-072A-435B-AD45-C4EB5B607A99}.Release|x64.Build.0 = Release|x64
		{D32C6B0B-072A-435B-AD45-C4EB5B607A99}.Release|x86.ActiveCfg = Release|Win32
		{D32C6B0B-072A-435B-AD45-C4EB5B607A99}.Release|x86.Build.0 = Release|Win32
		{E47811B3-4069-4274-BD47-67CBACBC2C4E}.Debug|x64.ActiveCfg = Debug|x64
		{E47811B3-4069-4274-BD47-67CBACBC2C4E}.Debug|x64.Build.0 = Debug|x64
		{E47811B3-4069-4274-BD47-67CBACBC2C4E}.Debug|x86.ActiveCfg = Debug|Win32
		{E47811B3-4069-4274-BD47-67CBACBC2C4E}.Debug|x86.Build.0 = Debug|Win32
		{E47811B3-4069-4274-BD47-67CBACBC2C4E}.Release|x64.ActiveCfg = Release|x64
		{E47811B3-4069-4274-BD47-67CBACBC2C4E}.Release|x64.Build.0 = Release|x64
		{E47811B3-4069-4274-BD47-67CBACBC2C4E}.Release|x86.ActiveCfg = Release|Win32
		{E47811B3-4069-4274-BD47-67CBACBC2C4E}.Release|x86.Build.0 = Release|Win32
		{A7A64D2C-9FBA-49DE-86FE-842B6EFAC7BB}.Debug|x64.ActiveCfg = Debug|x64
		{A7A64D2C-9FBA-49DE-86FE-842B6EFAC7BB}.Debug|x64.Build.0 = Debug|x64
		{A7A64D2C-9FBA-49DE-86FE-842B6EFAC7BB}.Debug|x86.ActiveCfg = Debug|Win32
		{A7A64D2C-9FBA-49DE-86FE-842B6EFAC7BB}.Debug|x86.Build.0 = Debug|Win32
		{A7A64D2C-9FBA-49DE-86FE-842B6EFAC7BB}.Release|x64.ActiveCfg = Release|x64
		{A7A64D2C-9FBA-49DE-86FE-842B6EFAC7BB}.Release|x64.Build.0 = Release|x64
		{A7A64D2C-9FBA-49DE-86FE-842B6EFAC7BB}.Release|x86.ActiveCfg = Release|Win32
		{A7A64D2C-9FBA-49DE-86FE-842B6EFAC7BB}.Release|x86.Build.0 = Release|Win32
		{32046348-680E-4ECE-8B96-708F6311DAFF}.Debug|x64.ActiveCfg = Debug|x64
		{32046348-680E-4ECE-8B96-708F6311DAFF}.Debug|x64.Build.0 = Debug|x64
		{32046348-680E-4ECE-8B96-708F6311DAFF}.Debug|x86.ActiveCfg = Debug|Win32
		{32046348-680E-4ECE-8B96-708F6311DAFF}.Debug|x86.Build.0 = Debug|Win32
		{32046348-680E-4ECE-8B96-708F6311DAFF}.Release|x64.ActiveCfg = Release|x64
		{32046348-680E-4ECE-8B96-708F6311DAFF}.Release|x64.Build.0 = Release|x64
		{32046348-680E-4ECE-8B96-708F6311DAFF}.Release|x86.ActiveCfg = Release|Win32
		{32046348-680E-4ECE-8B96-708F6311DAFF}.Release|x86.Build.0 = Release|Win32
		{32E534F2-983B-47CF-8677-5595B8015210}.Debug|x64.ActiveCfg = Debug|x64
		{32E534F2-983B-47CF-8677-5595B8015210}.Debug|x64.Build.0 = Debug|x64
		{32E534F2-983B-47CF-8677-5595B8015210}.Debug|x86.ActiveCfg = Debug|Win32
		{32E534F2-983B-47CF-8677-5595B8015210}.Debug|x86.Build.0 = Debug|Win32
		{32E534F2-983B-47CF-8677-5595B8015210}.Release|x64.ActiveCfg = Release|x64
		{32E534F2-983B-47CF-8677-5595B8015210}.Release|x64.Build.0 = Release|x64
		{32E534F2-983B-47CF-8677-5595B8015210}.Release|x86.ActiveCfg = Release|Win32
		{32E534F2-983B-47CF-8677-5595B8015210}.Release|x86.Build.0 = Release|Win32
		{792B47E4-6BB4-4648-B455-AC4E0DC8ED2C}.Debug|x64.ActiveCfg = Debug|x64
		{792B47E4-6BB4-4648-B455-AC4E0DC8ED2C}.Debug|x64.Build.0 = Debug|x64
		{792B47E4-6BB4-4648-B455-AC4E0DC8ED2C}.Debug|x86.ActiveCfg = Debug|Win32
		{792B47E4-6BB4-4648-B455-AC4E0DC8ED2C}.Debug|x86.Build.0 = Debug|Win32
		{792B47E4-6BB4-4648-B455-AC4E0DC8ED2C}.Release|x64.ActiveCfg = Release|x64
		{792B47E4-6BB4-4648-B455-AC4E0DC8ED2C}.Release|x64.Build.0 = Release|x64
		{792B47E4-6BB4-4648-B455-AC4E0DC8ED2C}.Release|x86.ActiveCfg = Release|Win32
		{792B47E4-6BB4-4648-B455-AC4E0DC8ED2C}.Release|x86.Build.0 = Release|Win32
		{F2473908-C040-48E1-AE2C-28091FBB055E}.Debug|x64.ActiveCfg = Debug|x64
		{F2473908-C040-48E1-AE2C-28091FBB055E}.Debug|x64.Build.0 = Debug|x64
		{F2473908-C040-48E1-AE2C-28091FBB055E}.Debug|x86.ActiveCfg = Debug|Win32
		{F2473908-C040-48E1-AE2C-28091FBB055E}.Debug|x86.Build.0 = Debug|Win32
		{F2473908-C040-48E1-AE2C-28091FBB055E}.Release|x64.ActiveCfg = Release|x64
		{F2473908-C040-48E1-AE2C-28091FBB055E}.Release|x64.Build.0 = Release|x64
		{F2473908-C040-48E1-AE2C-28091FBB055E}.Release|x86.ActiveCfg = Release|Win32
		{F2473908-C040-48E1-AE2C-28091FBB055E}.Release|x86.Build.0 = Release|Win32
		{040FE7B3-E8A4-4CF7-9E02-140F35FDB418}.Debug|x64.ActiveCfg = Debug|x64
		{040FE7B3-E8A4-4CF7-9E02-140F35FDB418}.Debug|x64.Build.0 = Debug|x64
		{040FE7B3-E8A4-4CF7-9E02-140F35FDB418}.Debug|x86.ActiveCfg = Debug|Win32
		{040FE7B3-E8A4-4CF7-9E02-140F35FDB418}.Debug|x86.Build.0 = Debug|Win32
		{040FE7B3-E8A4-4CF7-9E02-140F35FDB418}.Release|x64.ActiveCfg = Release|x64
		{040FE7B3-E8A4-4CF7-9E02-140F35FDB418}.Release|x64.Build.0 = Release|x64
		{040FE7B3-E8A4-4CF7-9E02-140F35FDB418}.Release|x86.ActiveCfg = Release|Win32
		{040FE7B3-E8A4-4CF7-9E02-140F35FDB418}.Release|x86.Build.0 = Release|Win32
		{7CF64ED4-36B5-4FC5-B1E6-6AB2E3E1B901}.Debug|x64.ActiveCfg = Debug|x64
		{7CF64ED4-36B5-4FC5-B1E6-6AB2E3E1B901}.Debug|x64.Build.0 = Debug|x64
		{7CF64ED4-36B5-4FC5-B1E6-6AB2E3E1B901}.Debug|x86.ActiveCfg = Debug|Win32
		{7CF64ED4-36B5-4FC5-B1E6-6AB2E3E1B901}.Debug|x86.Build.0 = Debug|Win32
		{7CF64ED4-36B5-4FC5-B1E6-6AB2E3E1B901}.Release|x64.ActiveCfg = Release|x64
		{7CF64ED4-36B5-4FC5-B1E6-6AB2E3E1B901}.Release|x64.Build.0 = Release|x64
		{7CF64ED4-36B5-4FC5-B1E6-6AB2E3E1B901}.Release|x86.ActiveCfg = Release|Win32
		{7CF64ED4-36B5-4FC5-B1E6-6AB2E3E1B901}.Release|x86.Build.0 = Release|Win32
		{7A6A4D83-5D59-4C57-82BA-32FFB330F6AA}.Debug|x64.ActiveCfg = Debug|x64
		{7A6A4D83-5D59-4C57-82BA-32FFB330F6AA}.Debug|x64.Build.0 = Debug|x64
		{7A6A4D83-5D59-4C57-82BA-32FFB330F6AA}.Debug|x86.ActiveCfg = Debug|Win32
		{7A6A4D83-5D59-4C57-82BA-32FFB330F6AA}.Debug|x86.Build.0 = Debug|Win32
		{7A6A4D83-5D59-4C57-82BA-32FFB330F6AA}.Release|x64.ActiveCfg = Release|x64
		{7A6A4D83-5D59-4C57-82BA-32FFB330F6AA}.Release|x64.Build.0 = Release|x64
		{7A6A4D83-5D59-4C57-82BA-32FFB330F6AA}.Release|x86.ActiveCfg = Release|Win32
		{7A6A4D83-5D59-4C57-82BA-32FFB330F6AA}.Release|x86.Build.0 = Release|Win32
		{86F5EF32-42EE-4A23-850C-B389A3D262BC}.Debug|x64.ActiveCfg = Debug|x64
		{86F5EF32-42EE-4A23-850C-B389A3D262BC}.Debug|x64.Build.0 = Debug|x64
		{86F5EF32-42EE-4A23-850C-B389A3D262BC}.Debug|x86.ActiveCfg = Debug|Win32
		{86F5EF32-42EE-4A23-850C-B389A3D262BC}.Debug|x86.Build.0 = Debug|Win32
		{86F5EF32-42EE-4A23-850C-B389A3D262BC}.Release|x64.ActiveCfg = Release|x64
		{86F5EF32-42EE-4A23-850C-B389A3D262BC}.Release|x64.Build.0 = Release|x64
		{86F5EF32-42EE-4A23-850C-B389A3D262BC}.Release|x86.ActiveCfg = Release|Win32
		{86F5EF32-42EE-4A23-850C-B389A3D262BC}.Release|x86.Build.0 = Release|Win32
		{D3A75323-2F8E-4DA1-80F8-C6C5706CBFE6}.Debug|x64.ActiveCfg = Debug|x64
		{D3A75323-2F8E-4DA1-80F8-C6C5706CBFE6}.Debug|x64.Build.0 = Debug|x64
		{D3A75323-2F8E-4DA1-80F8-C6C5706CBFE6}.Debug|x86.ActiveCfg = Debug|Win32
		{D3A75323-2F8E-4DA1-80F8-C6C5706CBFE6}.Debug|x86.Build.0 = Debug|Win32
		{D3A75323-2F8E-4DA1-80F8-C6C5706CBFE6}.Release|x64.ActiveCfg = Release|x64
		{D3A75323-2F8E-4DA1-80F8-C6C5706CBFE6}.Release|x64.Build.0 = Release|x64
		{D3A75323-2F8E-4DA1-80F8-C6C5706CBFE6}.Release|x86.ActiveCfg = Release|Win32
		{D3A75323-2F8E-4DA1-80F8-C6C5706CBFE6}.Release|x86.Build.0 = Release|Win32
		{A35FFA9F-6026-4831-BFF0-3561F4897718}.Debug|x64.ActiveCfg = Debug|x64
		{A35FFA9F-6026-4831-BFF0-3561F4897718}.Debug|x64.Build.0 = Debug|x64
		{A35FFA9F-6026-4831-BFF0-3561F4897718}.Debug|x86.ActiveCfg = Debug|Win32
		{A35FFA9F-6026-4831-BFF0-3561F4897718}.Debug|x86.Build.0 = Debug|Win32
		{A35FFA9F-6026-4831-BFF0-3561F4897718}.Release|x64.ActiveCfg = Release|x64
		{A35FFA9F-6026-4831-BFF0-3561F4897718}.Release|x64.Build.0 = Release|x64
		{A35FFA9F-6026-4831-BFF0-3561F4897718}.Release|x86.ActiveCfg = Release|Win32
		{A35FFA9F-6026-4831-BFF0-3561F4897718}.Release|x86.Build.0 = Release|Win32
		{8D8500B3-C2B9-475C-8C89-A70E305A762B}.Debug|x64.ActiveCfg = Debug|x64
		{8D8500B3-C2B9-475C-8C89-A70E305A762B}.Debug|x64.Build.0 = Debug|x64
		{8D8500B3-C2B9-475C-8C89-A70E305A762B}.Debug|x86.ActiveCfg = Debug|Win32
		{8D8500B3-C2B9-475C-8C89-A70E305A762B}.Debug|x86.Build.0 = Debug|Win32
		{8D8500B3-C2B9-475C-8C89-A70E305A762B}.Release|x64.ActiveCfg = Release|x64
		{8D8500B3-C2B9-475C-8C89-A70E305A762B}.Release|x64.Build.0 = Release|x64
		{8D8500B3-C2B9-475C-8C89-A70E305A762B}.Release|x86.ActiveCfg = Release|Win32
		{8D8500B3-C2B9-475C-8C89-A70E305A762B}.Release|x86.Build.0 = Release|Win32
		{28041F59-DFED-4A55-AB26-C4B199A5BC41}.Debug|x64.ActiveCfg = Debug|x64
		{28041F59-DFED-4A55-AB26-C4B199A5BC41}.Debug|x64.Build.0 = Debug|x64
		{28041F59-DFED-4A55-AB26-C4B199A5BC41}.Debug|x86.ActiveCfg = Debug|Win32
		{28041F59-DFED-4A55-AB26-C4B199A5BC41}.Debug|x86.Build.0 = Debug|Win32
		{28041F59-DFED-4A55-AB26-C4B199A5BC41}.Release|x64.ActiveCfg = Release|x64
		{28041F59-DFED-4A55-AB26-C4B199A5BC41}.Release|x64.Build.0 = Release|x64
		{28041F59-DFED-4A55-AB26-C4B199A5BC41}.Release|x86.ActiveCfg = Release|Win32
		{28041F59-DFED-4A55-AB26-C4B199A5BC41}.Release|x86.Build.0 = Release|Win32
		{9FA93CEE-1886-4644-97D2-15D185951330}.Debug|x64.ActiveCfg = Debug|x64
		{9FA93CEE-1886-4644-97D2-15D185951330}.Debug|x64.Build.0 = Debug|x64
		{9FA93CEE-1886-4644-97D2-15D185951330}.Debug|x86.ActiveCfg = Debug|Win32
		{9FA93CEE-1886-4644-97D2-15D185951330}.Debug|x86.Build.0 = Debug|Win32
		{9FA93CEE-1886-4644-97D2-15D185951330}.Release|x64.ActiveCfg = Release|x64
		{9FA93CEE-1886-4644-97D2-15D185951330}.Release|x64.Build.0 = Release|x64
		{9FA93CEE-1886-4644-97D2-15D185951330}.Release|x86.ActiveCfg = Release|Win32
		{9FA93CEE-1886-4644-97D2-15D185951330}.Release|x86.Build.0 = Release|Win32
		{E94ECB1F-3FDC-400B-8C05-BBECE0495031}.Debug|x64.ActiveCfg = Debug|x64
		{E94ECB1F-3FDC-400B-8C05-BBECE0495031}.Debug|x64.Build.0 = Debug|x64
		{E94ECB1F-3FDC-400B-8C05-BBECE0495031}.Debug|x86.ActiveCfg = Debug|Win32
		{E94ECB1F-3FDC-400B-8C05-BBECE0495031}.Debug|x86.Build.0 = Debug|Win32
		{E94ECB1F-3FDC-400B-8C05-BBECE0495031}.Release|x64.ActiveCfg = Release|x64
		{E94ECB1F-3FDC-400B-8C05-BBECE0495031}.Release|x64.Build.0 = Release|x64
		{E94ECB1F-3FDC-400B-8C05-BBECE0495031}.Release|x86.ActiveCfg = Release|Win32
		{E94ECB1F-3FDC-400B-8C05-BBECE0495031}.Release|x86.Build.0 = Release|Win32
		{9CE7DA29-3CB4-437F-9E2D-32632F32FF6B}.Debug|x64.ActiveCfg = Debug|x64
		{9CE7DA29-3CB4-437F-9E2D-32632F32FF6B}.Debug|x64.Build.0 = Debug|x64
		{9CE7DA29-3CB4-437F-9E2D-32632F32FF6B}.Debug|x86.ActiveCfg = Debug|Win32
		{9CE7DA29-3CB4-437F-9E2D-32632F32FF6B}.Debug|x86.Build.0 = Debug|Win32
		{9CE7DA29-3CB4-437F-9E2D-32632F32FF6B}.Release|x64.ActiveCfg = Release|x64
		{9CE7DA29-3CB4-437F-9E2D-32632F32FF6B}.Release|x64.Build.0 = Release|x64
		{9CE7DA29-3CB4-437F-9E2D-32632F32FF6B}.Release|x86.ActiveCfg = Release|Win32
		{9CE7DA29-3CB4-437F-9E2D-32632F32FF6B}.Release|x86.Build.0 = Release|Win32
		{9B2ECB09-E007-4B1C-85B7-2157A309693A}.Debug|x64.ActiveCfg = Debug|x64
		{9B2ECB09-E007-4B1C-85B7-2157A309693A}.Debug|x64.Build.0 = Debug|x64
		{9B2ECB09-E007-4B1C-85B7-2157A309693A}.Debug|x86.ActiveCfg = Debug|Win32
		{9B2ECB09-E007-4B1C-85B7-2157A309693A}.Debug|x86.Build.0 = Debug|Win32
		{9B2ECB09-E007-4B1C-85B7-2157A309693A}.Release|x64.ActiveCfg = Release|x64
		{9B2ECB09-E007-4B1C-85B7-2157A309693A}.Release|x64.Build.0 = Release|x64
		{9B2ECB09-E007-4B1C-85B7-2157A309693A}.Release|x86.ActiveCfg = Release|Win32
		{9B2ECB09-E007-4B1C-85B7-2157A309693A}.Release|x86.Build.0 = Release|Win32
		{D31FEA27-2867-441C-8065-2B4A93294CB8}.Debug|x64.ActiveCfg = Debug|x64
		{D31FEA27-2867-441C-8065-2B4A93294CB8}.Debug|x64.Build.0 = Debug|x64
		{D31FEA27-2867-441C-8065-2B4A93294CB8}.Debug|x86.ActiveCfg = Debug|Win32
		{D31FEA27-2867-441C-8065-2B4A93294CB8}.Debug|x86.Build.0 = Debug|Win32
		{D31FEA27-2867-441C-8065-2B4A93294CB8}.Release|x64.ActiveCfg = Release|x64
		{D31FEA27-2867-441C-8065-2B4A93294CB8}.Release|x64.Build.0 = Release|x64
		{D31FEA27-2867-441C-8065-2B4A93294CB8}.Release|x86.ActiveCfg = Release|Win32
		{D31FEA27-2867-441C-8065-2B4A93294CB8}.Release|x86.Build.0 = Release|Win32
		{493E71A5-DA43-43CE-8069-40FF7540D6BB}.Debug|x64.ActiveCfg = Debug|x64
		{493E71A5-DA43-43CE-8069-40FF7540D6BB}.Debug|x64.Build.0 = Debug|x64
		{493E71A5-DA43-43CE-8069-40FF7540D6BB}.Debug|x86.ActiveCfg = Debug|Win32
		{493E71A5-DA43-43CE-8069-40FF7540D6BB}.Debug|x86.Build.0 = Debug|Win32
		{493E71A5-DA43-43CE-8069-40FF7540D6BB}.Release|x64.ActiveCfg = Release|x64
		{493E71A5-DA43-43CE-8069-40FF7540D6BB}.Release|x64.Build.0 = Release|x64
		{493E71A5-DA43-43CE-8069-40FF7540D6BB}.Release|x86.ActiveCfg = Release|Win32
		{493E71A5-DA43-43CE-8069-40FF7540D6BB}.Release|x86.Build.0 = Release|Win32
		{C8D844F0-55E3-4EBE-92EB-20C4552CED46}.Debug|x64.ActiveCfg = Debug|x64
		{C8D844F0-55E3-4EBE-92EB-20C4552CED46}.Debug|x64.Build.0 = Debug|x64
		{C8D844F0-55E3-4EBE-92EB-20C4552CED46}.Debug|x86.ActiveCfg = Debug|Win32
		{C8D844F0-55E3-4EBE-92EB-20C4552CED46}.Debug|x86.Build.0 = Debug|Win32
		{C8D844F0-55E3-4EBE-92EB-20C4552CED46}.Release|x64.ActiveCfg = Release|x64
		{C8D844F0-55E3-4EBE-92EB-20C4552CED46}.Release|x64.Build.0 = Release|x64
		{C8D844F0-55E3-4EBE-92EB-20C4552CED46}.Release|x86.ActiveCfg = Release|Win32
		{C8D844F0-55E3-4EBE-92EB-20C4552CED46}.Release|x86.Build.0 = Release|Win32
		{025CE389-FE32-4326-A781-0846D33F967F}.Debug|x64.ActiveCfg = Debug|x64
		{025CE389-FE32-4326-A781-0846D33F967F}.Debug|x64.Build.0 = Debug|x64
		{025CE389-FE32-4326-A781-0846D33F967F}.Debug|x86.ActiveCfg = Debug|Win32
		{025CE389-FE32-4326-A781-0846D33F967F}.Debug|x86.Build.0 = Debug|Win32
		{025CE389-FE32-4326-A781-0846D33F967F}.Release|x64.ActiveCfg = Release|x64
		{025CE389-FE32-4326-A781-0846D33F967F}.Release|x64.Build.0 = Release|x64
		{025CE389-FE32-4326-A781-0846D33F967F}.Release|x86.ActiveCfg = Release|Win32
		{025CE389-FE32-4326-A781-0846D33F967F}.Release|x86.Build.0 = Release|Win32
		{F0208071-569C-4204-84CE-6C9A2B73C317}.Debug|x64.ActiveCfg = Debug|x64
		{F0208071-569C-4204-84CE-6C9A2B73C317}.Debug|x64.Build.0 = Debug|x64
		{F0208071-569C-4204-84CE-6C9A2B73C317}.Debug|x86.ActiveCfg = Debug|Win32
		{F0208071-569C-4204-84CE-6C9A2B73C317}.Debug|x86.Build.0 = Debug|Win32
		{F0208071-569C-4204-84CE-6C9A2B73C317}.Release|x64.ActiveCfg = Release|x64
		{F0208071-569C-4204-84CE-6C9A2B73C317}.Release|x64.Build.0 = Release|x64
		{F0208071-569C-4204-84CE-6C9A2B73C317}.Release|x86.ActiveCfg = Release|Win32
		{F0208071-569C-4204-84CE-6C9A2B73C317}.Release|x86.Build.0 = Release|Win32
		{4B8AF45A-0635-4A69-8CEE-5258F8E12B0B}.Debug|x64.ActiveCfg = Debug|x64
		{4B8AF45A-0635-4A69-8CEE-5258F8E12B0B}.Debug|x64.Build.0 = Debug|x64
		{4B8AF45A-0635-4A69-8CEE-5258F8E12B0B}.Debug|x86.ActiveCfg = Debug|Win32
		{4B8AF45A-0635-4A69-8CEE-5258F8E12B0B}.Debug|x86.Build.0 = Debug|Win32
		{4B8AF45A-0635-4A69-8CEE-5258F8E12B0B}.Release|x64.ActiveCfg = Release|x64
		{4B8AF45A-0635-4A69-8CEE-5258F8E12B0B}.Release|x64.Build.0 = Release|x64
		{4B8AF45A-0635-4A69-8CEE-5258F8E12B0B}.Release|x86.ActiveCfg = Release|Win32
		{4B8AF45A-0635-4A69-8CEE-5258F8E12B0B}.Release|x86.Build.0 = Release|Win32
		{2F9A6EC2-148F-47B1-858C-4A250568AFE0}.Debug|x64.ActiveCfg = Debug|x64
		{2F9A6EC2-148F-47B1-858C-4A250568AFE0}.Debug|x64.Build.0 = Debug|x64
		{2F9A6EC2-148F-47B1-858C-4A250568AFE0}.Debug|x86.ActiveCfg = Debug|Win32
		{2F9A6EC2-148F-47B1-858C-4A250568AFE0}.Debug|x86.Build.0 = Debug|Win32
		{2F9A6EC2-148F-47B1-858C-4A250568AFE0}.Release|x64.ActiveCfg = Release|x64
		{2F9A6EC2-148F-47B1-858C-4A250568AFE0}.Release|x64.Build.0 = Release|x64
		{2F9A6EC2-148F-47B1-858C-4A250568AFE0}.Release|x86.ActiveCfg = Release|Win32
		{2F9A6EC2-148F-47B1-858C-4A250568AFE0}.Release|x86.Build.0 = Release|Win32
		{A6985668-68B0-4D3A-95EB-43B5AB0FAE60}.Debug|x64.ActiveCfg = Debug|x64
		{A6985668-68B0-4D3A-95EB-43B5AB0FAE60}.Debug|x64.Build.0 = Debug|x64
		{A6985668-68B0-4D3A-95EB-43B5AB0FAE60}.Debug|x86.ActiveCfg = Debug|Win32
		{A6985668-68B0-4D3A-95EB-43B5AB0FAE60}.Debug|x86.Build.0 = Debug|Win32
		{A6985668-68B0-4D3A-95EB-43B5AB0FAE60}.Release|x64.ActiveCfg = Release|x64
		{A6985668-68B0-4D3A-95EB-43B5AB0FAE60}.Release|x64.Build.0 = Release|x64
		{A6985668-68B0-4D3A-95EB-43B5AB0FAE60}.Release|x86.ActiveCfg = Release|Win32
		{A6985668-68B0-4D3A-95EB-43B5AB0FAE60}.Release|x86.Build.0 = Release|Win32
		{861B28BB-8066-4FCB-8A3F-DD27207E6AAE}.Debug|x64.ActiveCfg = Debug|x64
		{861B28BB-8066-4FCB-8A3F-DD27207E6AAE}.Debug|x64.Build.0 = Debug|x64
		{861B28BB-8066-4FCB-8A3F-DD27207E6AAE}.Debug|x86.ActiveCfg = Debug|Win32
		{861B28BB-8066-4FCB-8A3F-DD27207E6AAE}.Debug|x86.Build.0 = Debug|Win32
		{861B28BB-8066-4FCB-8A3F-DD27207E6AAE}.Release|x64.ActiveCfg = Release|x64
		{861B28BB-8066-4FCB-8A3F-DD27207E6AAE}.Release|x64.Build.0 = Release|x64
		{861B28BB-8066-4FCB-8A3F-DD27207E6AAE}.Release|x86.ActiveCfg = Release|Win32
		{861B28BB-8066-4FCB-8A3F-DD27207E6AAE}.Release|x86.Build.0 = Release|Win32
		{98B8527D-96E2-4C1B-9A0C-36BDB236230D}.Debug|x64.ActiveCfg = Debug|x64
		{98B8527D-96E2-4C1B-9A0C-36BDB236230D}.Debug|x64.Build.0 = Debug|x64
		{98B8527D-96E2-4C1B-9A0C-36BDB236230D}.Debug|x86.ActiveCfg = Debug|Win32
		{98B8527D-96E2-4C1B-9A0C-36BDB236230D}.Debug|x86.Build.0 = Debug|Win32
		{98B8527D-96E2-4C1B-9A0C-36BDB236230D}.Release|x64.ActiveCfg = Release|x64
		{98B8527D-96E2-4C1B-9A0C-36BDB236230D}.Release|x64.Build.0 = Release|x64
		{98B8527D-96E2-4C1B-9A0C-36BDB236230D}.Release|x86.ActiveCfg = Release|Win32
		{98B8527D-96E2-4C1B-9A0C-36BDB236230D}.Release|x86.Build.0 = Release|Win32
		{02C47456-FBEF-4CCD-A0B8-6FAA8C299141}.Debug|x64.ActiveCfg = Debug|x64
		{02C47456-FBEF-4CCD-A0B8-6FAA8C299141}.Debug|x64.Build.0 = Debug|x64
		{02C47456-FBEF-4CCD-A0B8-6FAA8C299141}.Debug|x86.ActiveCfg = Debug|Win32
		{02C47456-FBEF-4CCD-A0B8-6FAA8C299141}.Debug|x86.Build.0 = Debug|Win32
		{02C47456-FBEF-4CCD-A0B8-6FAA8C299141}.Release|x64.ActiveCfg = Release|x64
		{02C47456-FBEF-4CCD-A0B8-6FAA8C299141}.Release|x64.Build.0 = Release|x64
		{02C47456-FBEF-4CCD-A0B8-6FAA8C299141}.Release|x86.ActiveCfg = Release|Win32
		{02C47456-FBEF-4CCD-A0B8-6FAA8C299141}.Release|x86.Build.0 = Release|Win32
		{01868DD3-33B0-439C-AF65-3D99BC22B057}.Debug|x64.ActiveCfg = Debug|x64
		{01868DD3-33B0-439C-AF65-3D99BC22B057}.Debug|x64.Build.0 = Debug|x64
		{01868DD3-33B0-439C-AF65-3D99BC22B057}.Debug|x86.ActiveCfg = Debug|Win32
		{01868DD3-33B0-439C-AF65-3D99BC22B057}.Debug|x86.Build.0 = Debug|Win32
		{01868DD3-33B0-439C-AF65-3D99BC22B057}.Release|x64.ActiveCfg = Release|x64
		{01868DD3-33B0-439C-AF65-3D99BC22B057}.Release|x64.Build.0 = Release|x64
		{01868DD3-33B0-439C-AF65-3D99BC22B057}.Release|x86.ActiveCfg = Release|Win32
		{01868DD3-33B0-439C-AF65-3D99BC22B057}.Release|x86.Build.0 = Release|Win32
		{E7429166-8633-438E-B960-E0B1DF17595E}.Debug|x64.ActiveCfg = Debug|x64
		{E7429166-8633-438E-B960-E0B1DF17595E}.Debug|x64.Build.0 = Debug|x64
		{E7429166-8633-438E-B960-E0B1DF17595E}.Debug|x86.ActiveCfg = Debug|Win32
		{E7429166-8633-438E-B960-E0B1DF17595E}.Debug|x86.Build.0 = Debug|Win32
		{E7429166-8633-438E-B960-E0B1DF17595E}.Release|x64.ActiveCfg = Release|x64
		{E7429166-8633-438E-B960-E0B1DF17595E}.Release|x64.Build.0 = Release|x64
		{E7429166-8633-438E-B960-E0B1DF17595E}.Release|x86.ActiveCfg = Release|Win32
		{E7429166-8633-438E-B960-E0B1DF17595E}.Release|x86.Build.0 = Release|Win32
		{93B95C93-CF88-4B04-AA63-D42CB194574C}.Debug|x64.ActiveCfg = Debug|x64
		{93B95C93-CF88-4B04-AA63-D42CB194574C}.Debug|x64.Build.0 = Debug|x64
		{93B95C93-CF88-4B04-AA63-D42CB194574C}.Debug|x86.ActiveCfg = Debug|Win32
		{93B95C93-CF88-4B04-AA63-D42CB194574C}.Debug|x86.Build.0 = Debug|Win32
		{93B95C93-CF88-4B04-AA63-D42CB194574C}.Release|x64.ActiveCfg = Release|x64
		{93B95C93-CF88-4B04-AA63-D42CB194574C}.Release|x64.Build.0 = Release|x64
		{93B95C93-CF88-4B04-AA63-D42CB194574C}.Release|x86.ActiveCfg = Release|Win32
		{93B95C93-CF88-4B04-AA63-D42CB194574C}.Release|x86.Build.0 = Release|Win32
		{BCFB9E42-5B45-4773-90BA-B131EA02A12B}.Debug|x64.ActiveCfg = Debug|x64
		{BCFB9E42-5B45-4773-90BA-B131EA02A12B}.Debug|x64.Build.0 = Debug|x64
		{BCFB9E42-5B45-4773-90BA-B131EA02A12B}.Debug|x86.ActiveCfg = Debug|Win32
		{BCFB9E42-5B45-4773-90BA-B131EA02A12B}.Debug|x86.Build.0 = Debug|Win32
		{BCFB9E42-5B45-4773-90BA-B131EA02A12B}.Release|x64.ActiveCfg = Release|x64
		{BCFB9E42-5B45-4773-90BA-B131EA02A12B}.Release|x64.Build.0 = Release|x64
		{BCFB9E42-5B45-4773-90BA-B131EA02A12B}.Release|x86.ActiveCfg = Release|Win32
		{BCFB9E42-5B45-4773-90BA-B131EA02A12B}.Release|x86.Build.0 = Release|Win32
		{CBDCB18F-D025-4628-9579-3A0623BA9D4F}.Debug|x64.ActiveCfg = Debug|x64
		{CBDCB18F-D025-4628-9579-3A0623BA9D4F}.Debug|x64.Build.0 = Debug|x64
		{CBDCB18F-D025-4628-9579-3A0623BA9D4F}.Debug|x86.ActiveCfg = Debug|Win32
		{CBDCB18F-D025-4628-9579-3A0623BA9D4F}.Debug|x86.Build.0 = Debug|Win32
		{CBDCB18F-D025-4628-9579-3A0623BA9D4F}.Release|x64.ActiveCfg = Release|x64
		{CBDCB18F-D025-4628-9579-3A0623BA9D4F}.Release|x64.Build.0 = Release|x64
		{CBDCB18F-D025-4628-9579-3A0623BA9D4F}.Release|x86.ActiveCfg = Release|Win32
		{CBDCB18F-D025-4628-9579-3A0623BA9D4F}.Release|x86.Build.0 = Release|Win32
		{12FE99A4-D748-4C04-9259-F96696364FBD}.Debug|x64.ActiveCfg = Debug|x64
		{12FE99A4-D748-4C04-9259-F96696364FBD}.Debug|x64.Build.0 = Debug|x64
		{12FE99A4-D748-4C04-9259-F96696364FBD}.Debug|x86.ActiveCfg = Debug|Win32
		{12FE99A4-D748-4C04-9259-F96696364FBD}.Debug|x86.Build.0 = Debug|Win32
		{12FE99A4-D748-4C04-9259-F96696364FBD}.Release|x64.ActiveCfg = Release|x64
		{12FE99A4-D748-4C04-9259-F96696364FBD}.Release|x64.Build.0 = Release|x64
		{12FE99A4-D748-4C04-9259-F96696364FBD}.Release|x86.ActiveCfg = Release|Win32
		{12FE99A4-D748-4C04-9259-F96696364FBD}.Release|x86.Build.0 = Release|Win32
		{881CAE83-AA9E-43B0-AF2D-00DBBB6A829D}.Debug|x64.ActiveCfg = Debug|x64
		{881CAE83-AA9E-43B0-AF2D-00DBBB6A829D}.Debug|x64.Build.0 = Debug|x64
		{881CAE83-AA9E-43B0-AF2D-00DBBB6A829D}.Debug|x86.ActiveCfg = Debug|Win32
		{881CAE83-AA9E-43B0-AF2D-00DBBB6A829D}.Debug|x86.Build.0 = Debug|Win32
		{881CAE83-AA9E-43B0-AF2D-00DBBB6A829D}.Release|x64.ActiveCfg = Release|x64
		{881CAE83-AA9E-43B0-AF2D-00DBBB6A829D}.Release|x64.Build.0 = Release|x64
		{881CAE83-AA9E-43B0-AF2D-00DBBB6A829D}.Release|x86.ActiveCfg = Release|Win32
		{881CAE83-AA9E-43B0-AF2D-00DBBB6A829D}.Release|x86.Build.0 = Release|Win32
		{4071159C-C0BB-42AC-A05D-6AE082BF6E5F}.Debug|x64.ActiveCfg = Debug|x64
		{4071159C-C0BB-42AC-A05D-6AE082BF6E5F}.Debug|x64.Build.0 = Debug|x64
		{4071159C-C0BB-42AC-A05D-6AE082BF6E5F}.Debug|x86.ActiveCfg = Debug|Win32
		{4071159C-C0BB-42AC-A05D-6AE082BF6E5F}.Debug|x86.Build.0 = Debug|Win32
		{4071159C-C0BB-42AC-A05D-6AE082BF6E5F}.Release|x64.ActiveCfg = Release|x64
		{4071159C-C0BB-42AC-A05D-6AE082BF6E5F}.Release|x64.Build.0 = Release|x64
		{4071159C-C0BB-42AC-A05D-6AE082BF6E5F}.Release|x86.ActiveCfg = Release|Win32
		{4071159C-C0BB-42AC-A05D-6AE082BF6E5F}.Release|x86.Build.0 = Release|Win32
		{E88D8956-A313-484A-BD9C-CE098FC5C10E}.Debug|x64.ActiveCfg = Debug|x64
		{E88D8956-A313-484A-BD9C-CE098FC5C10E}.Debug|x64.Build.0 = Debug|x64
		{E88D8956-A313-484A-BD9C-CE098FC5C10E}.Debug|x86.ActiveCfg = Debug|Win32
		{E88D8956-A313-484A-BD9C-CE098FC5C10E}.Debug|x86.Build.0 = Debug|Win32
		{E88D8956-A313-484A-BD9C-CE098FC5C10E}.Release|x64.ActiveCfg = Release|x64
		{E88D8956-A313-484A-BD9C-CE098FC5C10E}.Release|x64.Build.0 = Release|x64
		{E88D8956-A313-484A-BD9C-CE098FC5C10E}.Release|x86.ActiveCfg = Release|Win32
		{E88D8956-A313-484A-BD9C-CE098FC5C10E}.Release|x86.Build.0 = Release|Win32
		{5AFF86D0-22F3-4297-AB1A-F5DDC78ECD37}.Debug|x64.ActiveCfg = Debug|x64
		{5AFF86D0-22F3-4297-AB1A-F5DDC78ECD37}.Debug|x64.Build.0 = Debug|x64
		{5AFF86D0-22F3-4297-AB1A-F5DDC78ECD37}.Debug|x86.ActiveCfg = Debug|Win32
		{5AFF86D0-22F3-4297-AB1A-F5DDC78ECD37}.Debug|x86.Build.0 = Debug|Win32
		{5AFF86D0-22F3-4297-AB1A-F5DDC78ECD37}.Release|x64.ActiveCfg = Release|x64
		{5AFF86D0-22F3-4297-AB1A-F5DDC78ECD37}.Release|x64.Build.0 = Release|x64
		{5AFF86D0-22F3-4297-AB1A-F5DDC78ECD37}.Release|x86.ActiveCfg = Release|Win32
		{5AFF86D0-22F3-4297-AB1A-F5DDC78ECD37}.Release|x86.Build.0 = Release|Win32
		{CDC49924-54F2-4CBA-B015-6BFD0EFDFE3F}.Debug|x64.ActiveCfg = Debug|x64
		{CDC49924-54F2-4CBA-B015-6BFD0EFDFE3F}.Debug|x64.Build.0 = Debug|x64
		{CDC49924-54F2-4CBA-B015-6BFD0EFDFE3F}.Debug|x86.ActiveCfg = Debug|Win32
		{CDC49924-54F2-4CBA-B015-6BFD0EFDFE3F}.Debug|x86.Build.0 = Debug|Win32
		{CDC49924-54F2-4CBA-B015-6BFD0EFDFE3F}.Release|x64.ActiveCfg = Release|x64
		{CDC49924-54F2-4CBA-B015-6BFD0EFDFE3F}.Release|x64.Build.0 = Release|x64
		{CDC49924-54F2-4CBA-B015-6BFD0EFDFE3F}.Release|x86.ActiveCfg = Release|Win32
		{CDC49924-54F2-4CBA-B015-6BFD0EFDFE3F}.Release|x86.Build.0 = Release|Win32
		{9818621B-98C1-41CA-B6AA-399202E0F695}.Debug|x64.ActiveCfg = Debug|x64
		{9818621B-98C1-41CA-B6AA-399202E0F695}.Debug|x64.Build.0 = Debug|x64
		{9818621B-98C1-41CA-B6AA-399202E0F695}.Debug|x86.ActiveCfg = Debug|Win32
		{9818621B-98C1-41CA-B6AA-399202E0F695}.Debug|x86.Build.0 = Debug|Win32
		{9818621B-98C1-41CA-B6AA-399202E0F695}.Release|x64.ActiveCfg = Release|x64
		{9818621B-98C1-41CA-B6AA-399202E0F695}.Release|x64.Build.0 = Release|x64
		{9818621B-98C1-41CA-B6AA-399202E0F695}.Release|x86.ActiveCfg = Release|Win32
		{9818621B-98C1-41CA-B6AA-399202E0F695}.Release|x86.Build.0 = Release|Win32
		{4AA47958-D00C-48BE-AFC4-F273C415CD74}.Debug|x64.ActiveCfg = Debug|x64
		{4AA47958-D00C-48BE-AFC4-F273C415CD74}.Debug|x64.Build.0 = Debug|x64
		{4AA47958-D00C-48BE-AFC4-F273C415CD74}.Debug|x86.ActiveCfg = Debug|Win32
		{4AA47958-D00C-48BE-AFC4-F273C415CD74}.Debug|x86.Build.0 = Debug|Win32
		{4AA47958-D00C-48BE-AFC4-F273C415CD74}.Release|x64.ActiveCfg = Release|x64
		{4AA47958-D00C-48BE-AFC4-F273C415CD74}.Release|x64.Build.0 = Release|x64
		{4AA47958-D00C-48BE-AFC4-F273C415CD74}.Release|x86.ActiveCfg = Release|Win32
		{4AA47958-D00C-48BE-AFC4-F273C415CD74}.Release|x86.Build.0 = Release|Win32
		{C3EA5232-D521-4626-8EBA-9A49D5AC86CA}.Debug|x64.ActiveCfg = Debug|x64
		{C3EA5232-D521-4626-8EBA-9A49D5AC86CA}.Debug|x64.Build.0 = Debug|x64
		{C3EA5232-D521-4626-8EBA-9A49D5AC86CA}.Debug|x86.ActiveCfg = Debug|Win32
		{C3EA5232-D521-4626-8EBA-9A49D5AC86CA}.Debug|x86.Build.0 = Debug|Win32
		{C3EA5232-D521-4626-8EBA-9A49D5AC86CA}.Release|x64.ActiveCfg = Release|x64
		{C3EA5232-D521-4626-8EBA-9A49D5AC86CA}.Release|x64.Build.0 = Release|x64
		{C3EA5232-D521-4626-8EBA-9A49D5AC86CA}.Release|x86.ActiveCfg = Release|Win32
		{C3EA5232-D521-4626-8EBA-9A49D5AC86CA}.Release|x86.Build.0 = Release|Win32
		{D717541E-E9E9-4770-B3B7-23951318D30B}.Debug|x64.ActiveCfg = Debug|x64
		{D717541E-E9E9-4770-B3B7-23951318D30B}.Debug|x64.Build.0 = Debug|x64
		{D717541E-E9E9-4770-B3B7-23951318D30B}.Debug|x86.ActiveCfg = Debug|Win32
		{D717541E-E9E9-4770-B3B7-23951318D30B}.Debug|x86.Build.0 = Debug|Win32
		{D717541E-E9E9-4770-B3B7-23951318D30B}.Release|x64.ActiveCfg = Release|x64
		{D717541E-E9E9-4770-B3B7-23951318D30B}.Release|x64.Build.0 = Release|x64
		{D717541E-E9E9-4770-B3B7-23951318D30B}.Release|x86.ActiveCfg = Release|Win32
		{D717541E-E9E9-4770-B3B7-23951318D30B}.Release|x86.Build.0 = Release|Win32
		{7EE222CE-D586-4AEF-9D19-44F75BC01D0F}.Debug|x64.ActiveCfg = Debug|x64
		{7EE222CE-D586-4AEF-9D19-44F75BC01D0F}.Debug|x64.Build.0 = Debug|x64
		{7EE222CE-D586-4AEF-9D19-44F75BC01D0F}.Debug|x86.ActiveCfg = Debug|Win32
		{7EE222CE-D586-4AEF-9D19-44F75BC01D0F}.Debug|x86.Build.0 = Debug|Win32
		{7EE222CE-D586-4AEF-9D19-44F75BC01D0F}.Release|x64.ActiveCfg = Release|x64
		{7EE222CE-D586-4AEF-9D19-44F75BC01D0F}.Release|x64.Build.0 = Release|x64
		{7EE222CE-D586-4AEF-9D19-44F75BC01D0F}.Release|x86.ActiveCfg = Release|Win32
		{7EE222CE-D586-4AEF-9D19-44F75BC01D0F}.Release|x86.Build.0 = Release|Win32
		{2FA775EC-2049-4962-B04A-F35D0DAB50E8}.Debug|x64.ActiveCfg = Debug|x64
		{2FA775EC-2049-4962-B04A-F35D0DAB50E8}.Debug|x64.Build.0 = Debug|x64
		{2FA775EC-2049-4962-B04A-F35D0DAB50E8}.Debug|x86.ActiveCfg = Debug|Win32
		{2FA775EC-2049-4962-B04A-F35D0DAB50E8}.Debug|x86.Build.0 = Debug|Win32
		{2FA775EC-2049-4962-B04A-F35D0DAB50E8}.Release|x64.ActiveCfg = Release|x64
		{2FA775EC-2049-4962-B04A-F35D0DAB50E8}.Release|x64.Build.0 = Release|x64
		{2FA775EC-2049-4962-B04A-F35D0DAB50E8}.Release|x86.ActiveCfg = Release|Win32
		{2FA775EC-2049-4962-B04A-F35D0DAB50E8}.Release|x86.Build.0 = Release|Win32
		{49316ACC-D80E-4A1F-8654-F5B146C7E141}.Debug|x64.ActiveCfg = Debug|x64
		{49316ACC-D80E-4A1F-8654-F5B146C7E141}.Debug|x64.Build.0 = Debug|x64
		{49316ACC-D80E-4A1F-8654-F5B146C7E141}.Debug|x86.ActiveCfg = Debug|Win32
		{49316ACC-D80E-4A1F-8654-F5B146C7E141}.Debug|x86.Build.0 = Debug|Win32
		{49316ACC-D80E-4A1F-8654-F5B146C7E141}.Release|x64.ActiveCfg = Release|x64
		{49316ACC-D80E-4A1F-8654-F5B146C7E141}.Release|x64.Build.0 = Release|x64
		{49316ACC-D80E-4A1F-8654-F5B146C7E141}.Release|x86.ActiveCfg = Release|Win32
		{49316ACC-D80E-4A1F-8654-F5B146C7E141}.Release|x86.Build.0 = Release|Win32
		{F0B3F6A2-96FE-49F8-BBF7-B3AF4205270D}.Debug|x64.ActiveCfg = Debug|x64
		{F0B3F6A2-96FE-49F8-BBF7-B3AF4205270D}.Debug|x64.Build.0 = Debug|x64
		{F0B3F6A2-96FE-49F8-BBF7-B3AF4205270D}.Debug|x86.ActiveCfg = Debug|Win32
		{F0B3F6A2-96FE-49F8-BBF7-B3AF4205270D}.Debug|x86.Build.0 = Debug|Win32
		{F0B3F6A2-96FE-49F8-BBF7-B3AF4205270D}.Release|x64.ActiveCfg = Release|x64
		{F0B3F6A2-96FE-49F8-BBF7-B3AF4205270D}.Release|x64.Build.0 = Release|x64
		{F0B3F6A2-96FE-49F8-BBF7-B3AF4205270D}.Release|x86.ActiveCfg = Release|Win32
		{F0B3F6A2-96FE-49F8-BBF7-B3AF4205270D}.Release|x86.Build.0 = Release|Win32
		{0AA07ADA-D03B-4C76-A302-C01959B0D2EA}.Debug|x64.ActiveCfg = Debug|x64
		{0AA07ADA-D03B-4C76-A302-C01959B0D2EA}.Debug|x64.Build.0 = Debug|x64
		{0AA07ADA-D03B-4C76-A302-C01959B0D2EA}.Debug|x86.ActiveCfg = Debug|Win32
		{0AA07ADA-D03B-4C76-A302-C01959B0D2EA}.Debug|x86.Build.0 = Debug|Win32
		{0AA07ADA-D03B-4C76-A302-C01959B0D2EA}.Release|x64.ActiveCfg = Release|x64
		{0AA07ADA-D03B-4C76-A302-C01959B0D2EA}.Release|x64.Build.0 = Release|x64
		{0AA07ADA-D03B-4C76-A302-C01959B0D2EA}.Release|x86.ActiveCfg = Release|Win32
		{0AA07ADA-D03B-4C76-A302-C01959B0D2EA}.Release|x86.Build.0 = Release|Win32
		{1E062A82-03F0-4F8A-AF30-F1FC88F295A9}.Debug|x64.ActiveCfg = Debug|x64
		{1E062A82-03F0-4F8A-AF30-F1FC88F295A9}.Debug|x64.Build.0 = Debug|x64
		{1E062A82-03F0-4F8A-AF30-F1FC88F295A9}.Debug|x86.ActiveCfg = Debug|Win32
		{1E062A82-03F0-4F8A-AF30-F1FC88F295A9}.Debug|x86.Build.0 = Debug|Win32
		{1E062A82-03F0-4F8A-AF30-F1FC88F295A9}.Release|x64.ActiveCfg = Release|x64
		{1E062A82-03F0-4F8A-AF30-F1FC88F295A9}.Release|x64.Build.0 = Release|x64
		{1E062A82-03F0-4F8A-AF30-F1FC88F295A9}.Release|x86.ActiveCfg = Release|Win32
		{1E062A82-03F0-4F8A-AF30-F1FC88F295A9}.Release|x86.Build.0 = Release|Win32
		{CE8ECA73-6065-47F7-A28B-18F9EA785693}.Debug|x64.ActiveCfg = Debug|x64
		{CE8ECA73-6065-47F7-A28B-18F9EA785693}.Debug|x64.Build.0 = Debug|x64
		{CE8ECA73-6065-47F7-A28B-18F9EA785693}.Debug|x86.ActiveCfg = Debug|Win32
		{CE8ECA73-6065-47F7-A28B-18F9EA785693}.Debug|x86.Build.0 = Debug|Win32
		{CE8ECA73-6065-47F7-A28B-18F9EA785693}.Release|x64.ActiveCfg = Release|x64
		{CE8ECA73-6065-47F7-A28B-18F9EA785693}.Release|x64.Build.0 = Release|x64
		{CE8ECA73-6065-47F7-A28B-18F9EA785693}.Release|x86.ActiveCfg = Release|Win32
		{CE8ECA73-6065-47F7-A28B-18F9EA785693}.Release|x86.Build.0 = Release|Win32
		{983C45A4-32E8-4637-9E8C-30676C4A6AF4}.Debug|x64.ActiveCfg = Debug|x64
		{983C45A4-32E8-4637-9E8C-30676C4A6AF4}.Debug|x64.Build.0 = Debug|x64
		{983C45A4-32E8-4637-9E8C-30676C4A6AF4}.Debug|x86.ActiveCfg = Debug|Win32
		{983C45A4-32E8-4637-9E8C-30676C4A6AF4}.Debug|x86.Build.0 = Debug|Win32
		{983C45A4-32E8-4637-9E8C-30676C4A6AF4}.Release|x64.ActiveCfg = Release|x64
		{983C45A4-32E8-4637-9E8C-30676C4A6AF4}.Release|x64.Build.0 = Release|x64
		{983C45A4-32E8-4637-9E8C-30676C4A6AF4}.Release|x86.ActiveCfg = Release|Win32
		{983C45A4-32E8-4637-9E8C-30676C4A6AF4}.Release|x86.Build.0 = Release|Win32
		{C8DB2163-962F-4644-8322-6DA505A3C483}.Debug|x64.ActiveCfg = Debug|x64
		{C8DB2163-962F-4644-8322-6DA505A3C483}.Debug|x64.Build.0 = Debug|x64
		{C8DB2163-962F-4644-8322-6DA505A3C483}.Debug|x86.ActiveCfg = Debug|Win32
		{C8DB2163-962F-4644-8322-6DA505A3C483}.Debug|x86.Build.0 = Debug|Win32
		{C8DB2163-962F-4644-8322-6DA505A3C483}.Release|x64.ActiveCfg = Release|x64
		{C8DB2163-962F-4644-8322-6DA505A3C483}.Release|x64.Build.0 = Release|x64
		{C8DB2163-962F-4644-8322-6DA505A3C483}.Release|x86.ActiveCfg = Release|Win32
		{C8DB2163-962F-4644-8322-6DA505A3C483}.Release|x86.Build.0 = Release|Win32
		{42042597-43B8-4355-8E07-925DF3F50402}.Debug|x64.ActiveCfg = Debug|x64
		{42042597-43B8-4355-8E07-925DF3F50402}.Debug|x64.Build.0 = Debug|x64
		{42042597-43B8-4355-8E07-925DF3F50402}.Debug|x86.ActiveCfg = Debug|Win32
		{42042597-43B8-4355-8E07-925DF3F50402}.Debug|x86.Build.0 = Debug|Win32
		{42042597-43B8-4355-8E07-925DF3F50402}.Release|x64.ActiveCfg = Release|x64
		{42042597-43B8-4355-8E07-925DF3F50402}.Release|x64.Build.0 = Release|x64
		{42042597-43B8-4355-8E07-925DF3F50402}.Release|x86.ActiveCfg = Release|Win32
		{42042597-43B8-4355-8E07-925DF3F50402}.Release|x86.Build.0 = Release|Win32
		{873D793A-28A2-456F-8F39-6407406696DD}.Debug|x64.ActiveCfg = Debug|x64
		{873D793A-28A2-456F-8F39-6407406696DD}.Debug|x64.Build.0 = Debug|x64
		{873D793A-28A2-456F-8F39-6407406696DD}.Debug|x86.ActiveCfg = Debug|Win32
		{873D793A-28A2-456F-8F39-6407406696DD}.Debug|x86.Build.0 = Debug|Win32
		{873D793A-28A2-456F-8F39-6407406696DD}.Release|x64.ActiveCfg = Release|x64
		{873D793A-28A2-456F-8F39-6407406696DD}.Release|x64.Build.0 = Release|x64
		{873D793A-28A2-456F-8F39-6407406696DD}.Release|x86.ActiveCfg = Release|Win32
		{873D793A-28A2-456F-8F39-6407406696DD}.Release|x86.Build.0 = Release|Win32
		{50DBB721-857D-4064-917D-F50F8F8DBF4D}.Debug|x64.ActiveCfg = Debug|x64
		{50DBB721-857D-4064-917D-F50F8F8DBF4D}.Debug|x64.Build.0 = Debug|x64
		{50DBB721-857D-4064-917D-F50F8F8DBF4D}.Debug|x86.ActiveCfg = Debug|Win32
		{50DBB721-857D-4064-917D-F50F8F8DBF4D}.Debug|x86.Build.0 = Debug|Win32
		{50DBB721-857D-4064-917D-F50F8F8DBF4D}.Release|x64.ActiveCfg = Release|x64
		{50DBB721-857D-4064-917D-F50F8F8DBF4D}.Release|x64.Build.0 = Release|x64
		{50DBB721-857D-4064-917D-F50F8F8DBF4D}.Release|x86.ActiveCfg = Release|Win32
		{50DBB721-857D-4064-917D-F50F8F8DBF4D}.Release|x86.Build.0 = Release|Win32
		{42E8690F-3F00-4CEC-8D9F-B5C727967EB0}.Debug|x64.ActiveCfg = Debug|x64
		{42E8690F-3F00-4CEC-8D9F-B5C727967EB0}.Debug|x64.Build.0 = Debug|x64
		{42E8690F-3F00-4CEC-8D9F-B5C727967EB0}.Debug|x86.ActiveCfg = Debug|Win32
		{42E8690F-3F00-4CEC-8D9F-B5C727967EB0}.Debug|x86.Build.0 = Debug|Win32
		{42E8690F-3F00-4CEC-8D9F-B5C727967EB0}.Release|x64.ActiveCfg = Release|x64
		{42E8690F-3F00-4CEC-8D9F-B5C727967EB0}.Release|x64.Build.0 = Release|x64
		{42E8690F-3F00-4CEC-8D9F-B5C727967EB0}.Release|x86.ActiveCfg = Release|Win32
		{42E8690F-3F00-4CEC-8D9F-B5C727967EB0}.Release|x86.Build.0 = Release|Win32
		{1B6E3FFE-E8B9-40C3-A5B1-9E3AA3474029}.Debug|x64.ActiveCfg = Debug|x64
		{1B6E3FFE-E8B9-40C3-A5B1-9E3AA3474029}.Debug|x64.Build.0 = Debug|x64
		{1B6E3FFE-E8B9-40C3-A5B1-9E3AA3474029}.Debug|x86.ActiveCfg = Debug|Win32
		{1B6E3FFE-E8B9-40C3-A5B1-9E3AA3474029}.Debug|x86.Build.0 = Debug|Win32
		{1B6E3FFE-E8B9-40C3-A5B1-9E3AA3474029}.Release|x64.ActiveCfg = Release|x64
		{1B6E3FFE-E8B9-40C3-A5B1-9E3AA3474029}.Release|x64.Build.0 = Release|x64
		{1B6E3FFE-E8B9-40C3-A5B1-9E3AA3474029}.Release|x86.ActiveCfg = Release|Win32
		{1B6E3FFE-E8B9-40C3-A5B1-9E3AA3474029}.Release|x86.Build.0 = Release|Win32
		{947045F9-C479-4399-B117-EF51111E604D}.Debug|x64.ActiveCfg = Debug|x64
		{947045F9-C479-4399-B117-EF51111E604D}.Debug|x64.Build.0 = Debug|x64
		{947045F9-C479-4399-B117-EF51111E604D}.Debug|x86.ActiveCfg = Debug|Win32
		{947045F9-C479-4399-B117-EF51111E604D}.Debug|x86.Build.0 = Debug|Win32
		{947045F9-C479-4399-B117-EF51111E604D}.Release|x64.ActiveCfg = Release|x64
		{947045F9-C479-4399-B117-EF51111E604D}.Release|x64.Build.0 = Release|x64
		{947045F9-C479-4399-B117-EF51111E604D}.Release|x86.ActiveCfg = Release|Win32
		{947045F9-C479-4399-B117-EF51111E604D}.Release|x86.Build.0 = Release|Win32
		{8B75BAED-1046-4A4E-83C9-2AAB68DCD56A}.Debug|x64.ActiveCfg = Debug|x64
		{8B75BAED-1046-4A4E-83C9-2AAB68DCD56A}.Debug|x64.Build.0 = Debug|x64
		{8B75BAED-1046-4A4E-83C9-2AAB68DCD56A}.Debug|x86.ActiveCfg = Debug|Win32
		{8B75BAED-1046-4A4E-83C9-2AAB68DCD56A}.Debug|x86.Build.0 = Debug|Win32
		{8B75BAED-1046-4A4E-83C9-2AAB68DCD56A}.Release|x64.ActiveCfg = Release|x64
		{8B75BAED-1046-4A4E-83C9-2AAB68DCD56A}.Release|x64.Build.0 = Release|x64
		{8B75BAED-1046-4A4E-83C9-2AAB68DCD56A}.Release|x86.ActiveCfg = Release|Win32
		{8B75BAED-1046-4A4E-83C9-2AAB68DCD56A}.Release|x86.Build.0 = Release|Win32
		{C8FAAB06-1D14-46D1-B8E7-CDAFDD3D5D47}.Debug|x64.ActiveCfg = Debug|x64
		{C8FAAB06-1D14-46D1-B8E7-CDAFDD3D5D47}.Debug|x64.Build.0 = Debug|x64
		{C8FAAB06-1D14-46D1-B8E7-CDAFDD3D5D47}.Debug|x86.ActiveCfg = Debug|Win32
		{C8FAAB06-1D14-46D1-B8E7-CDAFDD3D5D47}.Debug|x86.Build.0 = Debug|Win32
		{C8FAAB06-1D14-46D1-B8E7-CDAFDD3D5D47}.Release|x64.ActiveCfg = Release|x64
		{C8FAAB06-1D14-46D1-B8E7-CDAFDD3D5D47}.Release|x64.Build.0 = Release|x64
		{C8FAAB06-1D14-46D1-B8E7-CDAFDD3D5D47}.Release|x86.ActiveCfg = Release|Win32
		{C8FAAB06-1D14-46D1-B8E7-CDAFDD3D5D47}.Release|x86.Build.0 = Release|Win32
		{FC62E24B-E019-4F21-B0A7-EDE45519D1D6}.Debug|x64.ActiveCfg = Debug|x64
		{FC62E24B-E019-4F21-B0A7-EDE45519D1D6}.Debug|x64.Build.0 = Debug|x64
		{FC62E24B-E019-4F21-B0A7-EDE45519D1D6}.Debug|x86.ActiveCfg = Debug|Win32
		{FC62E24B-E019-4F21-B0A7-EDE45519D1D6}.Debug|x86.Build.0 = Debug|Win32
		{FC62E24B-E019-4F21-B0A7-EDE45519D1D6}.Release|x64.ActiveCfg = Release|x64
		{FC62E24B-E019-4F21-B0A7-EDE45519D1D6}.Release|x64.Build.0 = Release|x64
		{FC62E24B-E019-4F21-B0A7-EDE45519D1D6}.Release|x86.ActiveCfg = Release|Win32
		{FC62E24B-E019-4F21-B0A7-EDE45519D1D6}.Release|x86.Build.0 = Release|Win32
		{065C01DB-1E0C-46E4-9511-89011438E97A}.Debug|x64.ActiveCfg = Debug|x64
		{065C01DB-1E0C-46E4-9511-89011438E97A}.Debug|x64.Build.0 = Debug|x64
		{065C01DB-1E0C-46E4-9511-89011438E97A}.Debug|x86.ActiveCfg = Debug|Win32
		{065C01DB-1E0C-46E4-9511-89011438E97A}.Debug|x86.Build.0 = Debug|Win32
		{065C01DB-1E0C-46E4-9511-89011438E97A}.Release|x64.ActiveCfg = Release|x64
		{065C01DB-1E0C-46E4-9511-89011438E97A}.Release|x64.Build.0 = Release|x64
		{065C01DB-1E0C-46E4-9511-89011438E97A}.Release|x86.ActiveCfg = Release|Win32
		{065C01DB-1E0C-46E4-9511-89011438E97A}.Release|x86.Build.0 = Release|Win32
		{4C648D4C-346E-44D0-B378-E982DCD829FD}.Debug|x64.ActiveCfg = Debug|x64
		{4C648D4C-346E-44D0-B378-E982DCD829FD}.Debug|x64.Build.0 = Debug|x64
		{4C648D4C-346E-44D0-B378-E982DCD829FD}.Debug|x86.ActiveCfg = Debug|Win32
		{4C648D4C-346E-44D0-B378-E982DCD829FD}.Debug|x86.Build.0 = Debug|Win32
		{4C648D4C-346E-44D0-B378-E982DCD829FD}.Release|x64.ActiveCfg = Release|x64
		{4C648D4C-346E-44D0-B378-E982DCD829FD}.Release|x64.Build.0 = Release|x64
		{4C648D4C-346E-44D0-B378-E982DCD829FD}.Release|x86.ActiveCfg = Release|Win32
		{4C648D4C-346E-44D0-B378-E982DCD829FD}.Release|x86.Build.0 = Release|Win32
		{3D15839B-44DD-47F4-A141-89388FBA4E0B}.Debug|x64.ActiveCfg = Debug|x64
		{3D15839B-44DD-47F4-A141-89388FBA4E0B}.Debug|x64.Build.0 = Debug|x64
		{3D15839B-44DD-47F4-A141-89388FBA4E0B}.Debug|x86.ActiveCfg = Debug|Win32
		{3D15839B-44DD-47F4-A141-89388FBA4E0B}.Debug|x86.Build.0 = Debug|Win32
		{3D15839B-44DD-47F4-A141-89388FBA4E0B}.Release|x64.ActiveCfg = Release|x64
		{3D15839B-44DD-47F4-A141-89388FBA4E0B}.Release|x64.Build.0 = Release|x64
		{3D15839B-44DD-47F4-A141-89388FBA4E0B}.Release|x86.ActiveCfg = Release|Win32
		{3D15839B-44DD-47F4-A141-89388FBA4E0B}.Release|x86.Build.0 = Release|Win32
		{BC7BDF43-ED94-43CA-9012-74B11C0CFFBF}.Debug|x64.ActiveCfg = Debug|x64
		{BC7BDF43-ED94-43CA-9012-74B11C0CFFBF}.Debug|x64.Build.0 = Debug|x64
		{BC7BDF43-ED94-43CA-9012-74B11C0CFFBF}.Debug|x86.ActiveCfg = Debug|Win32
		{BC7BDF43-ED94-43CA-9012-74B11C0CFFBF}.Debug|x86.Build.0 = Debug|Win32
		{BC7BDF43-ED94-43CA-9012-74B11C0CFFBF}.Release|x64.ActiveCfg = Release|x64
		{BC7BDF43-ED94-43CA-9012-74B11C0CFFBF}.Release|x64.Build.0 = Release|x64
		{BC7BDF43-ED94-43CA-9012-74B11C0CFFBF}.Release|x86.ActiveCfg = Release|Win32
		{BC7BDF43-ED94-43CA-9012-74B11C0CFFBF}.Release|x86.Build.0 = Release|Win32
		{1A668177-C388-4397-9AEB-99EB5A8566C8}.Debug|x64.ActiveCfg = Debug|x64
		{1A668177-C388-4397-9AEB-99EB5A8566C8}.Debug|x64.Build.0 = Debug|x64
		{1A668177-C388-4397-9AEB-99EB5A8566C8}.Debug|x86.ActiveCfg = Debug|Win32
		{1A668177-C388-4397-9AEB-99EB5A8566C8}.Debug|x86.Build.0 = Debug|Win32
		{1A668177-C388-4397-9AEB-99EB5A8566C8}.Release|x64.ActiveCfg = Release|x64
		{1A668177-C388-4397-9AEB-99EB5A8566C8}.Release|x64.Build.0 = Release|x64
		{1A668177-C388-4397-9AEB-99EB5A8566C8}.Release|x86.ActiveCfg = Release|Win32
		{1A668177-C388-4397-9AEB-99EB5A8566C8}.Release|x86.Build.0 = Release|Win32
		{E3937696-749A-4937-ADA9-A99FE9257766}.Debug|x64.ActiveCfg = Debug|x64
		{E3937696-749A-4937-ADA9-A99FE9257766}.Debug|x64.Build.0 = Debug|x64
		{E3937696-749A-4937-ADA9-A99FE9257766}.Debug|x86.ActiveCfg = Debug|Win32
		{E3937696-749A-4937-ADA9-A99FE9257766}.Debug|x86.Build.0 = Debug|Win32
		{E3937696-749A-4937-ADA9-A99FE9257766}.Release|x64.ActiveCfg = Release|x64
		{E3937696-749A-4937-ADA9-A99FE9257766}.Release|x64.Build.0 = Release|x64
		{E3937696-749A-4937-ADA9-A99FE9257766}.Release|x86.ActiveCfg = Release|Win32
		{E3937696-749A-4937-ADA9-A99FE9257766}.Release|x86.Build.0 = Release|Win32
		{E3A26401-CB70-48D8-A012-D42F3D408CF0}.Debug|x64.ActiveCfg = Debug|x64
		{E3A26401-CB70-48D8-A012-D42F3D408CF0}.Debug|x64.Build.0 = Debug|x64
		{E3A26401-CB70-48D8-A012-D42F3D408CF0}.Debug|x86.ActiveCfg = Debug|Win32
		{E3A26401-CB70-48D8-A012-D42F3D408CF0}.Debug|x86.Build.0 = Debug|Win32
		{E3A26401-CB70-48D8-A012-D42F3D408CF0}.Release|x64.ActiveCfg = Release|x64
		{E3A26401-CB70-48D8-A012-D42F3D408CF0}.Release|x64.Build.0 = Release|x64
		{E3A26401-CB70-48D8-A012-D42F3D408CF0}.Release|x86.ActiveCfg = Release|Win32
		{E3A26401-CB70-48D8-A012-D42F3D408CF0}.Release|x86.Build.0 = Release|Win32
	EndGlobalSection
	GlobalSection(SolutionProperties) = preSolution
		HideSolutionNode = FALSE
	EndGlobalSection
	GlobalSection(ExtensibilityGlobals) = postSolution
		SolutionGuid = {5ED63713-4C85-4A57-B628-7F3C231701FB}
	EndGlobalSection
EndGlobal
